
Microsoft Visual Studio Solution File, Format Version 12.00
# Visual Studio Version 16
VisualStudioVersion = 16.0.31402.337
MinimumVisualStudioVersion = 10.0.40219.1
Project("{FAE04EC0-301F-11D3-BF4B-00C04F79EFBC}") = "Lesson5_2", "Lesson5_2\Lesson5_2.csproj", "{3C80E3F7-5553-4610-8B56-0E67A94F3634}"
EndProject
Global
	GlobalSection(SolutionConfigurationPlatforms) = preSolution
		Debug|Any CPU = Debug|Any CPU
		Release|Any CPU = Release|Any CPU
	EndGlobalSection
	GlobalSection(ProjectConfigurationPlatforms) = postSolution
		{3C80E3F7-5553-4610-8B56-0E67A94F3634}.Debug|Any CPU.ActiveCfg = Debug|Any CPU
		{3C80E3F7-5553-4610-8B56-0E67A94F3634}.Debug|Any CPU.Build.0 = Debug|Any CPU
		{3C80E3F7-5553-4610-8B56-0E67A94F3634}.Release|Any CPU.ActiveCfg = Release|Any CPU
		{3C80E3F7-5553-4610-8B56-0E67A94F3634}.Release|Any CPU.Build.0 = Release|Any CPU
	EndGlobalSection
	GlobalSection(SolutionProperties) = preSolution
		HideSolutionNode = FALSE
	EndGlobalSection
	GlobalSection(ExtensibilityGlobals) = postSolution
		SolutionGuid = {C355A310-CB84-4F7F-96F0-47FC7219870D}
	EndGlobalSection
EndGlobal
